
Microsoft Visual Studio Solution File, Format Version 12.00
# Visual Studio 14
VisualStudioVersion = 14.0.25420.1
MinimumVisualStudioVersion = 10.0.40219.1
Project("{FAE04EC0-301F-11D3-BF4B-00C04F79EFBC}") = "Data", "Data\Data.csproj", "{A326CE3D-27A3-4D88-B9F9-2B26932E22A6}"
EndProject
Project("{FAE04EC0-301F-11D3-BF4B-00C04F79EFBC}") = "Data.Test", "Data.Test\Data.Test.csproj", "{EA902CCD-CBF5-4D38-BE83-7EAD58332EDA}"
EndProject
Global
	GlobalSection(SolutionConfigurationPlatforms) = preSolution
		Debug|Any CPU = Debug|Any CPU
		Release|Any CPU = Release|Any CPU
	EndGlobalSection
	GlobalSection(ProjectConfigurationPlatforms) = postSolution
		{A326CE3D-27A3-4D88-B9F9-2B26932E22A6}.Debug|Any CPU.ActiveCfg = Debug|Any CPU
		{A326CE3D-27A3-4D88-B9F9-2B26932E22A6}.Debug|Any CPU.Build.0 = Debug|Any CPU
		{A326CE3D-27A3-4D88-B9F9-2B26932E22A6}.Release|Any CPU.ActiveCfg = Release|Any CPU
		{A326CE3D-27A3-4D88-B9F9-2B26932E22A6}.Release|Any CPU.Build.0 = Release|Any CPU
		{EA902CCD-CBF5-4D38-BE83-7EAD58332EDA}.Debug|Any CPU.ActiveCfg = Debug|Any CPU
		{EA902CCD-CBF5-4D38-BE83-7EAD58332EDA}.Debug|Any CPU.Build.0 = Debug|Any CPU
		{EA902CCD-CBF5-4D38-BE83-7EAD58332EDA}.Release|Any CPU.ActiveCfg = Release|Any CPU
		{EA902CCD-CBF5-4D38-BE83-7EAD58332EDA}.Release|Any CPU.Build.0 = Release|Any CPU
	EndGlobalSection
	GlobalSection(SolutionProperties) = preSolution
		HideSolutionNode = FALSE
	EndGlobalSection
EndGlobal
